
Microsoft Visual Studio Solution File, Format Version 12.00
# Visual Studio 15
VisualStudioVersion = 15.0.28307.136
MinimumVisualStudioVersion = 10.0.40219.1
Project("{9A19103F-16F7-4668-BE54-9A1E7A4F7556}") = "XsgTwitterBot", "XsgTwitterBot\XsgTwitterBot.csproj", "{AE50733B-8339-472F-831E-109F16B979AA}"
EndProject
Project("{FAE04EC0-301F-11D3-BF4B-00C04F79EFBC}") = "XsgTwitterBot.Tests", "XsgTwitterBot.Tests\XsgTwitterBot.Tests.csproj", "{54ABAAA8-7A9A-4A8A-A16D-A92A2C82CFD6}"
EndProject
Global
	GlobalSection(SolutionConfigurationPlatforms) = preSolution
		Debug|Any CPU = Debug|Any CPU
		Release|Any CPU = Release|Any CPU
	EndGlobalSection
	GlobalSection(ProjectConfigurationPlatforms) = postSolution
		{AE50733B-8339-472F-831E-109F16B979AA}.Debug|Any CPU.ActiveCfg = Debug|Any CPU
		{AE50733B-8339-472F-831E-109F16B979AA}.Debug|Any CPU.Build.0 = Debug|Any CPU
		{AE50733B-8339-472F-831E-109F16B979AA}.Release|Any CPU.ActiveCfg = Release|Any CPU
		{AE50733B-8339-472F-831E-109F16B979AA}.Release|Any CPU.Build.0 = Release|Any CPU
		{54ABAAA8-7A9A-4A8A-A16D-A92A2C82CFD6}.Debug|Any CPU.ActiveCfg = Debug|Any CPU
		{54ABAAA8-7A9A-4A8A-A16D-A92A2C82CFD6}.Debug|Any CPU.Build.0 = Debug|Any CPU
		{54ABAAA8-7A9A-4A8A-A16D-A92A2C82CFD6}.Release|Any CPU.ActiveCfg = Release|Any CPU
		{54ABAAA8-7A9A-4A8A-A16D-A92A2C82CFD6}.Release|Any CPU.Build.0 = Release|Any CPU
	EndGlobalSection
	GlobalSection(SolutionProperties) = preSolution
		HideSolutionNode = FALSE
	EndGlobalSection
	GlobalSection(ExtensibilityGlobals) = postSolution
		SolutionGuid = {13E5CE25-2015-4CCA-AEBC-4668F9CA0FC7}
	EndGlobalSection
EndGlobal
